
Microsoft Visual Studio Solution File, Format Version 12.00
# Visual Studio 15
VisualStudioVersion = 15.0.27130.2027
MinimumVisualStudioVersion = 10.0.40219.1
Project("{FAE04EC0-301F-11D3-BF4B-00C04F79EFBC}") = "Canal_GUI", "Canal_GUI\Canal_GUI.csproj", "{4A222D8F-34C6-4DA1-AAC8-930D510F66E0}"
EndProject
Global
	GlobalSection(SolutionConfigurationPlatforms) = preSolution
		Debug|Any CPU = Debug|Any CPU
		Release|Any CPU = Release|Any CPU
	EndGlobalSection
	GlobalSection(ProjectConfigurationPlatforms) = postSolution
		{4A222D8F-34C6-4DA1-AAC8-930D510F66E0}.Debug|Any CPU.ActiveCfg = Debug|Any CPU
		{4A222D8F-34C6-4DA1-AAC8-930D510F66E0}.Debug|Any CPU.Build.0 = Debug|Any CPU
		{4A222D8F-34C6-4DA1-AAC8-930D510F66E0}.Release|Any CPU.ActiveCfg = Release|Any CPU
		{4A222D8F-34C6-4DA1-AAC8-930D510F66E0}.Release|Any CPU.Build.0 = Release|Any CPU
	EndGlobalSection
	GlobalSection(SolutionProperties) = preSolution
		HideSolutionNode = FALSE
	EndGlobalSection
	GlobalSection(ExtensibilityGlobals) = postSolution
		SolutionGuid = {0E428FDE-C738-4083-B3D1-5C7283868035}
	EndGlobalSection
EndGlobal
