
Microsoft Visual Studio Solution File, Format Version 12.00
# Visual Studio 15
VisualStudioVersion = 15.0.27428.2037
MinimumVisualStudioVersion = 10.0.40219.1
Project("{FAE04EC0-301F-11D3-BF4B-00C04F79EFBC}") = "GlobalComponents", "GlobalComponents\GlobalComponents.csproj", "{D02179AA-C0C7-4065-BE3A-544C6E8C9854}"
EndProject
Global
	GlobalSection(SolutionConfigurationPlatforms) = preSolution
		Debug|Any CPU = Debug|Any CPU
		Release|Any CPU = Release|Any CPU
	EndGlobalSection
	GlobalSection(ProjectConfigurationPlatforms) = postSolution
		{D02179AA-C0C7-4065-BE3A-544C6E8C9854}.Debug|Any CPU.ActiveCfg = Debug|Any CPU
		{D02179AA-C0C7-4065-BE3A-544C6E8C9854}.Debug|Any CPU.Build.0 = Debug|Any CPU
		{D02179AA-C0C7-4065-BE3A-544C6E8C9854}.Release|Any CPU.ActiveCfg = Release|Any CPU
		{D02179AA-C0C7-4065-BE3A-544C6E8C9854}.Release|Any CPU.Build.0 = Release|Any CPU
	EndGlobalSection
	GlobalSection(SolutionProperties) = preSolution
		HideSolutionNode = FALSE
	EndGlobalSection
	GlobalSection(ExtensibilityGlobals) = postSolution
		SolutionGuid = {7A18B5B2-97B1-4BAC-A5B5-BC7A532F74F9}
	EndGlobalSection
EndGlobal
